// !$*UTF8*$!
{
	archiveVersion = 1;
	classes = {
	};
	objectVersion = 46;
	objects = {

/* Begin PBXBuildFile section */
		12460EB11A9952760040AACE /* AwesomeFloatingToolbar.m in Sources */ = {isa = PBXBuildFile; fileRef = 12460EB01A9952760040AACE /* AwesomeFloatingToolbar.m */; };
		1263C3AD1A945E770074C92A /* main.m in Sources */ = {isa = PBXBuildFile; fileRef = 1263C3AC1A945E770074C92A /* main.m */; };
		1263C3B01A945E770074C92A /* AppDelegate.m in Sources */ = {isa = PBXBuildFile; fileRef = 1263C3AF1A945E770074C92A /* AppDelegate.m */; };
		1263C3B31A945E770074C92A /* ViewController.m in Sources */ = {isa = PBXBuildFile; fileRef = 1263C3B21A945E770074C92A /* ViewController.m */; };
		1263C3B81A945E770074C92A /* Images.xcassets in Resources */ = {isa = PBXBuildFile; fileRef = 1263C3B71A945E770074C92A /* Images.xcassets */; };
		1263C3BB1A945E770074C92A /* LaunchScreen.xib in Resources */ = {isa = PBXBuildFile; fileRef = 1263C3B91A945E770074C92A /* LaunchScreen.xib */; };
		1263C3C71A945E770074C92A /* BlocBrowserTests.m in Sources */ = {isa = PBXBuildFile; fileRef = 1263C3C61A945E770074C92A /* BlocBrowserTests.m */; };
/* End PBXBuildFile section */

/* Begin PBXContainerItemProxy section */
		1263C3C11A945E770074C92A /* PBXContainerItemProxy */ = {
			isa = PBXContainerItemProxy;
			containerPortal = 1263C39F1A945E770074C92A /* Project object */;
			proxyType = 1;
			remoteGlobalIDString = 1263C3A61A945E770074C92A;
			remoteInfo = BlocBrowser;
		};
/* End PBXContainerItemProxy section */

/* Begin PBXFileReference section */
		12460EAF1A9952760040AACE /* AwesomeFloatingToolbar.h */ = {isa = PBXFileReference; fileEncoding = 4; lastKnownFileType = sourcecode.c.h; path = AwesomeFloatingToolbar.h; sourceTree = "<group>"; };
		12460EB01A9952760040AACE /* AwesomeFloatingToolbar.m */ = {isa = PBXFileReference; fileEncoding = 4; lastKnownFileType = sourcecode.c.objc; path = AwesomeFloatingToolbar.m; sourceTree = "<group>"; };
		1263C3A71A945E770074C92A /* BlocBrowser.app */ = {isa = PBXFileReference; explicitFileType = wrapper.application; includeInIndex = 0; path = BlocBrowser.app; sourceTree = BUILT_PRODUCTS_DIR; };
		1263C3AB1A945E770074C92A /* Info.plist */ = {isa = PBXFileReference; lastKnownFileType = text.plist.xml; path = Info.plist; sourceTree = "<group>"; };
		1263C3AC1A945E770074C92A /* main.m */ = {isa = PBXFileReference; lastKnownFileType = sourcecode.c.objc; path = main.m; sourceTree = "<group>"; };
		1263C3AE1A945E770074C92A /* AppDelegate.h */ = {isa = PBXFileReference; lastKnownFileType = sourcecode.c.h; path = AppDelegate.h; sourceTree = "<group>"; };
		1263C3AF1A945E770074C92A /* AppDelegate.m */ = {isa = PBXFileReference; lastKnownFileType = sourcecode.c.objc; path = AppDelegate.m; sourceTree = "<group>"; };
		1263C3B11A945E770074C92A /* ViewController.h */ = {isa = PBXFileReference; lastKnownFileType = sourcecode.c.h; path = ViewController.h; sourceTree = "<group>"; };
		1263C3B21A945E770074C92A /* ViewController.m */ = {isa = PBXFileReference; lastKnownFileType = sourcecode.c.objc; path = ViewController.m; sourceTree = "<group>"; };
		1263C3B71A945E770074C92A /* Images.xcassets */ = {isa = PBXFileReference; lastKnownFileType = folder.assetcatalog; path = Images.xcassets; sourceTree = "<group>"; };
		1263C3BA1A945E770074C92A /* Base */ = {isa = PBXFileReference; lastKnownFileType = file.xib; name = Base; path = Base.lproj/LaunchScreen.xib; sourceTree = "<group>"; };
		1263C3C01A945E770074C92A /* BlocBrowserTests.xctest */ = {isa = PBXFileReference; explicitFileType = wrapper.cfbundle; includeInIndex = 0; path = BlocBrowserTests.xctest; sourceTree = BUILT_PRODUCTS_DIR; };
		1263C3C51A945E770074C92A /* Info.plist */ = {isa = PBXFileReference; lastKnownFileType = text.plist.xml; path = Info.plist; sourceTree = "<group>"; };
		1263C3C61A945E770074C92A /* BlocBrowserTests.m */ = {isa = PBXFileReference; lastKnownFileType = sourcecode.c.objc; path = BlocBrowserTests.m; sourceTree = "<group>"; };
/* End PBXFileReference section */

/* Begin PBXFrameworksBuildPhase section */
		1263C3A41A945E770074C92A /* Frameworks */ = {
			isa = PBXFrameworksBuildPhase;
			buildActionMask = 2147483647;
			files = (
			);
			runOnlyForDeploymentPostprocessing = 0;
		};
		1263C3BD1A945E770074C92A /* Frameworks */ = {
			isa = PBXFrameworksBuildPhase;
			buildActionMask = 2147483647;
			files = (
			);
			runOnlyForDeploymentPostprocessing = 0;
		};
/* End PBXFrameworksBuildPhase section */

/* Begin PBXGroup section */
		1263C39E1A945E770074C92A = {
			isa = PBXGroup;
			children = (
				1263C3A91A945E770074C92A /* BlocBrowser */,
				1263C3C31A945E770074C92A /* BlocBrowserTests */,
				1263C3A81A945E770074C92A /* Products */,
			);
			sourceTree = "<group>";
		};
		1263C3A81A945E770074C92A /* Products */ = {
			isa = PBXGroup;
			children = (
				1263C3A71A945E770074C92A /* BlocBrowser.app */,
				1263C3C01A945E770074C92A /* BlocBrowserTests.xctest */,
			);
			name = Products;
			sourceTree = "<group>";
		};
		1263C3A91A945E770074C92A /* BlocBrowser */ = {
			isa = PBXGroup;
			children = (
				1263C3AE1A945E770074C92A /* AppDelegate.h */,
				1263C3AF1A945E770074C92A /* AppDelegate.m */,
				1263C3B11A945E770074C92A /* ViewController.h */,
				1263C3B21A945E770074C92A /* ViewController.m */,
				12460EAF1A9952760040AACE /* AwesomeFloatingToolbar.h */,
				12460EB01A9952760040AACE /* AwesomeFloatingToolbar.m */,
				1263C3B71A945E770074C92A /* Images.xcassets */,
				1263C3B91A945E770074C92A /* LaunchScreen.xib */,
				1263C3AA1A945E770074C92A /* Supporting Files */,
			);
			path = BlocBrowser;
			sourceTree = "<group>";
		};
		1263C3AA1A945E770074C92A /* Supporting Files */ = {
			isa = PBXGroup;
			children = (
				1263C3AB1A945E770074C92A /* Info.plist */,
				1263C3AC1A945E770074C92A /* main.m */,
			);
			name = "Supporting Files";
			sourceTree = "<group>";
		};
		1263C3C31A945E770074C92A /* BlocBrowserTests */ = {
			isa = PBXGroup;
			children = (
				1263C3C61A945E770074C92A /* BlocBrowserTests.m */,
				1263C3C41A945E770074C92A /* Supporting Files */,
			);
			path = BlocBrowserTests;
			sourceTree = "<group>";
		};
		1263C3C41A945E770074C92A /* Supporting Files */ = {
			isa = PBXGroup;
			children = (
				1263C3C51A945E770074C92A /* Info.plist */,
			);
			name = "Supporting Files";
			sourceTree = "<group>";
		};
/* End PBXGroup section */

/* Begin PBXNativeTarget section */
		1263C3A61A945E770074C92A /* BlocBrowser */ = {
			isa = PBXNativeTarget;
			buildConfigurationList = 1263C3CA1A945E770074C92A /* Build configuration list for PBXNativeTarget "BlocBrowser" */;
			buildPhases = (
				1263C3A31A945E770074C92A /* Sources */,
				1263C3A41A945E770074C92A /* Frameworks */,
				1263C3A51A945E770074C92A /* Resources */,
			);
			buildRules = (
			);
			dependencies = (
			);
			name = BlocBrowser;
			productName = BlocBrowser;
			productReference = 1263C3A71A945E770074C92A /* BlocBrowser.app */;
			productType = "com.apple.product-type.application";
		};
		1263C3BF1A945E770074C92A /* BlocBrowserTests */ = {
			isa = PBXNativeTarget;
			buildConfigurationList = 1263C3CD1A945E770074C92A /* Build configuration list for PBXNativeTarget "BlocBrowserTests" */;
			buildPhases = (
				1263C3BC1A945E770074C92A /* Sources */,
				1263C3BD1A945E770074C92A /* Frameworks */,
				1263C3BE1A945E770074C92A /* Resources */,
			);
			buildRules = (
			);
			dependencies = (
				1263C3C21A945E770074C92A /* PBXTargetDependency */,
			);
			name = BlocBrowserTests;
			productName = BlocBrowserTests;
			productReference = 1263C3C01A945E770074C92A /* BlocBrowserTests.xctest */;
			productType = "com.apple.product-type.bundle.unit-test";
		};
/* End PBXNativeTarget section */

/* Begin PBXProject section */
		1263C39F1A945E770074C92A /* Project object */ = {
			isa = PBXProject;
			attributes = {
				LastUpgradeCheck = 0610;
				ORGANIZATIONNAME = Bloc;
				TargetAttributes = {
					1263C3A61A945E770074C92A = {
						CreatedOnToolsVersion = 6.1.1;
					};
					1263C3BF1A945E770074C92A = {
						CreatedOnToolsVersion = 6.1.1;
						TestTargetID = 1263C3A61A945E770074C92A;
					};
				};
			};
			buildConfigurationList = 1263C3A21A945E770074C92A /* Build configuration list for PBXProject "BlocBrowser" */;
			compatibilityVersion = "Xcode 3.2";
			developmentRegion = English;
			hasScannedForEncodings = 0;
			knownRegions = (
				en,
				Base,
			);
			mainGroup = 1263C39E1A945E770074C92A;
			productRefGroup = 1263C3A81A945E770074C92A /* Products */;
			projectDirPath = "";
			projectRoot = "";
			targets = (
				1263C3A61A945E770074C92A /* BlocBrowser */,
				1263C3BF1A945E770074C92A /* BlocBrowserTests */,
			);
		};
/* End PBXProject section */

/* Begin PBXResourcesBuildPhase section */
		1263C3A51A945E770074C92A /* Resources */ = {
			isa = PBXResourcesBuildPhase;
			buildActionMask = 2147483647;
			files = (
				1263C3BB1A945E770074C92A /* LaunchScreen.xib in Resources */,
				1263C3B81A945E770074C92A /* Images.xcassets in Resources */,
			);
			runOnlyForDeploymentPostprocessing = 0;
		};
		1263C3BE1A945E770074C92A /* Resources */ = {
			isa = PBXResourcesBuildPhase;
			buildActionMask = 2147483647;
			files = (
			);
			runOnlyForDeploymentPostprocessing = 0;
		};
/* End PBXResourcesBuildPhase section */

/* Begin PBXSourcesBuildPhase section */
		1263C3A31A945E770074C92A /* Sources */ = {
			isa = PBXSourcesBuildPhase;
			buildActionMask = 2147483647;
			files = (
				1263C3B31A945E770074C92A /* ViewController.m in Sources */,
				1263C3B01A945E770074C92A /* AppDelegate.m in Sources */,
				1263C3AD1A945E770074C92A /* main.m in Sources */,
				12460EB11A9952760040AACE /* AwesomeFloatingToolbar.m in Sources */,
			);
			runOnlyForDeploymentPostprocessing = 0;
		};
		1263C3BC1A945E770074C92A /* Sources */ = {
			isa = PBXSourcesBuildPhase;
			buildActionMask = 2147483647;
			files = (
				1263C3C71A945E770074C92A /* BlocBrowserTests.m in Sources */,
			);
			runOnlyForDeploymentPostprocessing = 0;
		};
/* End PBXSourcesBuildPhase section */

/* Begin PBXTargetDependency section */
		1263C3C21A945E770074C92A /* PBXTargetDependency */ = {
			isa = PBXTargetDependency;
			target = 1263C3A61A945E770074C92A /* BlocBrowser */;
			targetProxy = 1263C3C11A945E770074C92A /* PBXContainerItemProxy */;
		};
/* End PBXTargetDependency section */

/* Begin PBXVariantGroup section */
		1263C3B91A945E770074C92A /* LaunchScreen.xib */ = {
			isa = PBXVariantGroup;
			children = (
				1263C3BA1A945E770074C92A /* Base */,
			);
			name = LaunchScreen.xib;
			sourceTree = "<group>";
		};
/* End PBXVariantGroup section */

/* Begin XCBuildConfiguration section */
		1263C3C81A945E770074C92A /* Debug */ = {
			isa = XCBuildConfiguration;
			buildSettings = {
				ALWAYS_SEARCH_USER_PATHS = NO;
				CLANG_CXX_LANGUAGE_STANDARD = "gnu++0x";
				CLANG_CXX_LIBRARY = "libc++";
				CLANG_ENABLE_MODULES = YES;
				CLANG_ENABLE_OBJC_ARC = YES;
				CLANG_WARN_BOOL_CONVERSION = YES;
				CLANG_WARN_CONSTANT_CONVERSION = YES;
				CLANG_WARN_DIRECT_OBJC_ISA_USAGE = YES_ERROR;
				CLANG_WARN_EMPTY_BODY = YES;
				CLANG_WARN_ENUM_CONVERSION = YES;
				CLANG_WARN_INT_CONVERSION = YES;
				CLANG_WARN_OBJC_ROOT_CLASS = YES_ERROR;
				CLANG_WARN_UNREACHABLE_CODE = YES;
				CLANG_WARN__DUPLICATE_METHOD_MATCH = YES;
				"CODE_SIGN_IDENTITY[sdk=iphoneos*]" = "iPhone Developer";
				COPY_PHASE_STRIP = NO;
				ENABLE_STRICT_OBJC_MSGSEND = YES;
				GCC_C_LANGUAGE_STANDARD = gnu99;
				GCC_DYNAMIC_NO_PIC = NO;
				GCC_OPTIMIZATION_LEVEL = 0;
				GCC_PREPROCESSOR_DEFINITIONS = (
					"DEBUG=1",
					"$(inherited)",
				);
				GCC_SYMBOLS_PRIVATE_EXTERN = NO;
				GCC_WARN_64_TO_32_BIT_CONVERSION = YES;
				GCC_WARN_ABOUT_RETURN_TYPE = YES_ERROR;
				GCC_WARN_UNDECLARED_SELECTOR = YES;
				GCC_WARN_UNINITIALIZED_AUTOS = YES_AGGRESSIVE;
				GCC_WARN_UNUSED_FUNCTION = YES;
				GCC_WARN_UNUSED_VARIABLE = YES;
				IPHONEOS_DEPLOYMENT_TARGET = 8.1;
				MTL_ENABLE_DEBUG_INFO = YES;
				ONLY_ACTIVE_ARCH = YES;
				SDKROOT = iphoneos;
				TARGETED_DEVICE_FAMILY = "1,2";
			};
			name = Debug;
		};
		1263C3C91A945E770074C92A /* Release */ = {
			isa = XCBuildConfiguration;
			buildSettings = {
				ALWAYS_SEARCH_USER_PATHS = NO;
				CLANG_CXX_LANGUAGE_STANDARD = "gnu++0x";
				CLANG_CXX_LIBRARY = "libc++";
				CLANG_ENABLE_MODULES = YES;
				CLANG_ENABLE_OBJC_ARC = YES;
				CLANG_WARN_BOOL_CONVERSION = YES;
				CLANG_WARN_CONSTANT_CONVERSION = YES;
				CLANG_WARN_DIRECT_OBJC_ISA_USAGE = YES_ERROR;
				CLANG_WARN_EMPTY_BODY = YES;
				CLANG_WARN_ENUM_CONVERSION = YES;
				CLANG_WARN_INT_CONVERSION = YES;
				CLANG_WARN_OBJC_ROOT_CLASS = YES_ERROR;
				CLANG_WARN_UNREACHABLE_CODE = YES;
				CLANG_WARN__DUPLICATE_METHOD_MATCH = YES;
				"CODE_SIGN_IDENTITY[sdk=iphoneos*]" = "iPhone Developer";
				COPY_PHASE_STRIP = YES;
				ENABLE_NS_ASSERTIONS = NO;
				ENABLE_STRICT_OBJC_MSGSEND = YES;
				GCC_C_LANGUAGE_STANDARD = gnu99;
				GCC_WARN_64_TO_32_BIT_CONVERSION = YES;
				GCC_WARN_ABOUT_RETURN_TYPE = YES_ERROR;
				GCC_WARN_UNDECLARED_SELECTOR = YES;
				GCC_WARN_UNINITIALIZED_AUTOS = YES_AGGRESSIVE;
				GCC_WARN_UNUSED_FUNCTION = YES;
				GCC_WARN_UNUSED_VARIABLE = YES;
				IPHONEOS_DEPLOYMENT_TARGET = 8.1;
				MTL_ENABLE_DEBUG_INFO = NO;
				SDKROOT = iphoneos;
				TARGETED_DEVICE_FAMILY = "1,2";
				VALIDATE_PRODUCT = YES;
			};
			name = Release;
		};
		1263C3CB1A945E770074C92A /* Debug */ = {
			isa = XCBuildConfiguration;
			buildSettings = {
				ASSETCATALOG_COMPILER_APPICON_NAME = AppIcon;
				INFOPLIST_FILE = BlocBrowser/Info.plist;
				LD_RUNPATH_SEARCH_PATHS = "$(inherited) @executable_path/Frameworks";
				PRODUCT_NAME = "$(TARGET_NAME)";
			};
			name = Debug;
		};
		1263C3CC1A945E770074C92A /* Release */ = {
			isa = XCBuildConfiguration;
			buildSettings = {
				ASSETCATALOG_COMPILER_APPICON_NAME = AppIcon;
				INFOPLIST_FILE = BlocBrowser/Info.plist;
				LD_RUNPATH_SEARCH_PATHS = "$(inherited) @executable_path/Frameworks";
				PRODUCT_NAME = "$(TARGET_NAME)";
			};
			name = Release;
		};
		1263C3CE1A945E770074C92A /* Debug */ = {
			isa = XCBuildConfiguration;
			buildSettings = {
				BUNDLE_LOADER = "$(TEST_HOST)";
				FRAMEWORK_SEARCH_PATHS = (
					"$(SDKROOT)/Developer/Library/Frameworks",
					"$(inherited)",
				);
				GCC_PREPROCESSOR_DEFINITIONS = (
					"DEBUG=1",
					"$(inherited)",
				);
				INFOPLIST_FILE = BlocBrowserTests/Info.plist;
				LD_RUNPATH_SEARCH_PATHS = "$(inherited) @executable_path/Frameworks @loader_path/Frameworks";
				PRODUCT_NAME = "$(TARGET_NAME)";
				TEST_HOST = "$(BUILT_PRODUCTS_DIR)/BlocBrowser.app/BlocBrowser";
			};
			name = Debug;
		};
		1263C3CF1A945E770074C92A /* Release */ = {
			isa = XCBuildConfiguration;
			buildSettings = {
				BUNDLE_LOADER = "$(TEST_HOST)";
				FRAMEWORK_SEARCH_PATHS = (
					"$(SDKROOT)/Developer/Library/Frameworks",
					"$(inherited)",
				);
				INFOPLIST_FILE = BlocBrowserTests/Info.plist;
				LD_RUNPATH_SEARCH_PATHS = "$(inherited) @executable_path/Frameworks @loader_path/Frameworks";
				PRODUCT_NAME = "$(TARGET_NAME)";
				TEST_HOST = "$(BUILT_PRODUCTS_DIR)/BlocBrowser.app/BlocBrowser";
			};
			name = Release;
		};
/* End XCBuildConfiguration section */

/* Begin XCConfigurationList section */
		1263C3A21A945E770074C92A /* Build configuration list for PBXProject "BlocBrowser" */ = {
			isa = XCConfigurationList;
			buildConfigurations = (
				1263C3C81A945E770074C92A /* Debug */,
				1263C3C91A945E770074C92A /* Release */,
			);
			defaultConfigurationIsVisible = 0;
			defaultConfigurationName = Release;
		};
		1263C3CA1A945E770074C92A /* Build configuration list for PBXNativeTarget "BlocBrowser" */ = {
			isa = XCConfigurationList;
			buildConfigurations = (
				1263C3CB1A945E770074C92A /* Debug */,
				1263C3CC1A945E770074C92A /* Release */,
			);
			defaultConfigurationIsVisible = 0;
			defaultConfigurationName = Release;
		};
		1263C3CD1A945E770074C92A /* Build configuration list for PBXNativeTarget "BlocBrowserTests" */ = {
			isa = XCConfigurationList;
			buildConfigurations = (
				1263C3CE1A945E770074C92A /* Debug */,
				1263C3CF1A945E770074C92A /* Release */,
			);
			defaultConfigurationIsVisible = 0;
			defaultConfigurationName = Release;
		};
/* End XCConfigurationList section */
	};
	rootObject = 1263C39F1A945E770074C92A /* Project object */;
}
